// !$*UTF8*$!
{
	archiveVersion = 1;
	classes = {
	};
	objectVersion = 48;
	objects = {

/* Begin PBXBuildFile section */
		81C955991F95394A008E3A53 /* AppDelegate.swift in Sources */ = {isa = PBXBuildFile; fileRef = 81C955981F95394A008E3A53 /* AppDelegate.swift */; };
		81C9559B1F95394A008E3A53 /* ViewController.swift in Sources */ = {isa = PBXBuildFile; fileRef = 81C9559A1F95394A008E3A53 /* ViewController.swift */; };
		81C9559E1F95394A008E3A53 /* Main.storyboard in Resources */ = {isa = PBXBuildFile; fileRef = 81C9559C1F95394A008E3A53 /* Main.storyboard */; };
		81C955A01F95394A008E3A53 /* Assets.xcassets in Resources */ = {isa = PBXBuildFile; fileRef = 81C9559F1F95394A008E3A53 /* Assets.xcassets */; };
		81C955A31F95394A008E3A53 /* LaunchScreen.storyboard in Resources */ = {isa = PBXBuildFile; fileRef = 81C955A11F95394A008E3A53 /* LaunchScreen.storyboard */; };
		81C955AE1F95394B008E3A53 /* ThreeCardMonteExerciseTests.swift in Sources */ = {isa = PBXBuildFile; fileRef = 81C955AD1F95394B008E3A53 /* ThreeCardMonteExerciseTests.swift */; };
		81C955B91F95394B008E3A53 /* ThreeCardMonteExerciseUITests.swift in Sources */ = {isa = PBXBuildFile; fileRef = 81C955B81F95394B008E3A53 /* ThreeCardMonteExerciseUITests.swift */; };
/* End PBXBuildFile section */

/* Begin PBXContainerItemProxy section */
		81C955AA1F95394B008E3A53 /* PBXContainerItemProxy */ = {
			isa = PBXContainerItemProxy;
			containerPortal = 81C9558D1F95394A008E3A53 /* Project object */;
			proxyType = 1;
			remoteGlobalIDString = 81C955941F95394A008E3A53;
			remoteInfo = ThreeCardMonteExercise;
		};
		81C955B51F95394B008E3A53 /* PBXContainerItemProxy */ = {
			isa = PBXContainerItemProxy;
			containerPortal = 81C9558D1F95394A008E3A53 /* Project object */;
			proxyType = 1;
			remoteGlobalIDString = 81C955941F95394A008E3A53;
			remoteInfo = ThreeCardMonteExercise;
		};
/* End PBXContainerItemProxy section */

/* Begin PBXFileReference section */
		81C955951F95394A008E3A53 /* ThreeCardMonteExercise.app */ = {isa = PBXFileReference; explicitFileType = wrapper.application; includeInIndex = 0; path = ThreeCardMonteExercise.app; sourceTree = BUILT_PRODUCTS_DIR; };
		81C955981F95394A008E3A53 /* AppDelegate.swift */ = {isa = PBXFileReference; lastKnownFileType = sourcecode.swift; path = AppDelegate.swift; sourceTree = "<group>"; };
		81C9559A1F95394A008E3A53 /* ViewController.swift */ = {isa = PBXFileReference; lastKnownFileType = sourcecode.swift; path = ViewController.swift; sourceTree = "<group>"; };
		81C9559D1F95394A008E3A53 /* Base */ = {isa = PBXFileReference; lastKnownFileType = file.storyboard; name = Base; path = Base.lproj/Main.storyboard; sourceTree = "<group>"; };
		81C9559F1F95394A008E3A53 /* Assets.xcassets */ = {isa = PBXFileReference; lastKnownFileType = folder.assetcatalog; path = Assets.xcassets; sourceTree = "<group>"; };
		81C955A21F95394A008E3A53 /* Base */ = {isa = PBXFileReference; lastKnownFileType = file.storyboard; name = Base; path = Base.lproj/LaunchScreen.storyboard; sourceTree = "<group>"; };
		81C955A41F95394A008E3A53 /* Info.plist */ = {isa = PBXFileReference; lastKnownFileType = text.plist.xml; path = Info.plist; sourceTree = "<group>"; };
		81C955A91F95394B008E3A53 /* ThreeCardMonteExerciseTests.xctest */ = {isa = PBXFileReference; explicitFileType = wrapper.cfbundle; includeInIndex = 0; path = ThreeCardMonteExerciseTests.xctest; sourceTree = BUILT_PRODUCTS_DIR; };
		81C955AD1F95394B008E3A53 /* ThreeCardMonteExerciseTests.swift */ = {isa = PBXFileReference; lastKnownFileType = sourcecode.swift; path = ThreeCardMonteExerciseTests.swift; sourceTree = "<group>"; };
		81C955AF1F95394B008E3A53 /* Info.plist */ = {isa = PBXFileReference; lastKnownFileType = text.plist.xml; path = Info.plist; sourceTree = "<group>"; };
		81C955B41F95394B008E3A53 /* ThreeCardMonteExerciseUITests.xctest */ = {isa = PBXFileReference; explicitFileType = wrapper.cfbundle; includeInIndex = 0; path = ThreeCardMonteExerciseUITests.xctest; sourceTree = BUILT_PRODUCTS_DIR; };
		81C955B81F95394B008E3A53 /* ThreeCardMonteExerciseUITests.swift */ = {isa = PBXFileReference; lastKnownFileType = sourcecode.swift; path = ThreeCardMonteExerciseUITests.swift; sourceTree = "<group>"; };
		81C955BA1F95394B008E3A53 /* Info.plist */ = {isa = PBXFileReference; lastKnownFileType = text.plist.xml; path = Info.plist; sourceTree = "<group>"; };
/* End PBXFileReference section */

/* Begin PBXFrameworksBuildPhase section */
		81C955921F95394A008E3A53 /* Frameworks */ = {
			isa = PBXFrameworksBuildPhase;
			buildActionMask = 2147483647;
			files = (
			);
			runOnlyForDeploymentPostprocessing = 0;
		};
		81C955A61F95394B008E3A53 /* Frameworks */ = {
			isa = PBXFrameworksBuildPhase;
			buildActionMask = 2147483647;
			files = (
			);
			runOnlyForDeploymentPostprocessing = 0;
		};
		81C955B11F95394B008E3A53 /* Frameworks */ = {
			isa = PBXFrameworksBuildPhase;
			buildActionMask = 2147483647;
			files = (
			);
			runOnlyForDeploymentPostprocessing = 0;
		};
/* End PBXFrameworksBuildPhase section */

/* Begin PBXGroup section */
		81C9558C1F95394A008E3A53 = {
			isa = PBXGroup;
			children = (
				81C955971F95394A008E3A53 /* ThreeCardMonteExercise */,
				81C955AC1F95394B008E3A53 /* ThreeCardMonteExerciseTests */,
				81C955B71F95394B008E3A53 /* ThreeCardMonteExerciseUITests */,
				81C955961F95394A008E3A53 /* Products */,
			);
			sourceTree = "<group>";
		};
		81C955961F95394A008E3A53 /* Products */ = {
			isa = PBXGroup;
			children = (
				81C955951F95394A008E3A53 /* ThreeCardMonteExercise.app */,
				81C955A91F95394B008E3A53 /* ThreeCardMonteExerciseTests.xctest */,
				81C955B41F95394B008E3A53 /* ThreeCardMonteExerciseUITests.xctest */,
			);
			name = Products;
			sourceTree = "<group>";
		};
		81C955971F95394A008E3A53 /* ThreeCardMonteExercise */ = {
			isa = PBXGroup;
			children = (
				81C955981F95394A008E3A53 /* AppDelegate.swift */,
				81C9559A1F95394A008E3A53 /* ViewController.swift */,
				81C9559C1F95394A008E3A53 /* Main.storyboard */,
				81C9559F1F95394A008E3A53 /* Assets.xcassets */,
				81C955A11F95394A008E3A53 /* LaunchScreen.storyboard */,
				81C955A41F95394A008E3A53 /* Info.plist */,
			);
			path = ThreeCardMonteExercise;
			sourceTree = "<group>";
		};
		81C955AC1F95394B008E3A53 /* ThreeCardMonteExerciseTests */ = {
			isa = PBXGroup;
			children = (
				81C955AD1F95394B008E3A53 /* ThreeCardMonteExerciseTests.swift */,
				81C955AF1F95394B008E3A53 /* Info.plist */,
			);
			path = ThreeCardMonteExerciseTests;
			sourceTree = "<group>";
		};
		81C955B71F95394B008E3A53 /* ThreeCardMonteExerciseUITests */ = {
			isa = PBXGroup;
			children = (
				81C955B81F95394B008E3A53 /* ThreeCardMonteExerciseUITests.swift */,
				81C955BA1F95394B008E3A53 /* Info.plist */,
			);
			path = ThreeCardMonteExerciseUITests;
			sourceTree = "<group>";
		};
/* End PBXGroup section */

/* Begin PBXNativeTarget section */
		81C955941F95394A008E3A53 /* ThreeCardMonteExercise */ = {
			isa = PBXNativeTarget;
			buildConfigurationList = 81C955BD1F95394B008E3A53 /* Build configuration list for PBXNativeTarget "ThreeCardMonteExercise" */;
			buildPhases = (
				81C955911F95394A008E3A53 /* Sources */,
				81C955921F95394A008E3A53 /* Frameworks */,
				81C955931F95394A008E3A53 /* Resources */,
			);
			buildRules = (
			);
			dependencies = (
			);
			name = ThreeCardMonteExercise;
			productName = ThreeCardMonteExercise;
			productReference = 81C955951F95394A008E3A53 /* ThreeCardMonteExercise.app */;
			productType = "com.apple.product-type.application";
		};
		81C955A81F95394B008E3A53 /* ThreeCardMonteExerciseTests */ = {
			isa = PBXNativeTarget;
			buildConfigurationList = 81C955C01F95394B008E3A53 /* Build configuration list for PBXNativeTarget "ThreeCardMonteExerciseTests" */;
			buildPhases = (
				81C955A51F95394B008E3A53 /* Sources */,
				81C955A61F95394B008E3A53 /* Frameworks */,
				81C955A71F95394B008E3A53 /* Resources */,
			);
			buildRules = (
			);
			dependencies = (
				81C955AB1F95394B008E3A53 /* PBXTargetDependency */,
			);
			name = ThreeCardMonteExerciseTests;
			productName = ThreeCardMonteExerciseTests;
			productReference = 81C955A91F95394B008E3A53 /* ThreeCardMonteExerciseTests.xctest */;
			productType = "com.apple.product-type.bundle.unit-test";
		};
		81C955B31F95394B008E3A53 /* ThreeCardMonteExerciseUITests */ = {
			isa = PBXNativeTarget;
			buildConfigurationList = 81C955C31F95394B008E3A53 /* Build configuration list for PBXNativeTarget "ThreeCardMonteExerciseUITests" */;
			buildPhases = (
				81C955B01F95394B008E3A53 /* Sources */,
				81C955B11F95394B008E3A53 /* Frameworks */,
				81C955B21F95394B008E3A53 /* Resources */,
			);
			buildRules = (
			);
			dependencies = (
				81C955B61F95394B008E3A53 /* PBXTargetDependency */,
			);
			name = ThreeCardMonteExerciseUITests;
			productName = ThreeCardMonteExerciseUITests;
			productReference = 81C955B41F95394B008E3A53 /* ThreeCardMonteExerciseUITests.xctest */;
			productType = "com.apple.product-type.bundle.ui-testing";
		};
/* End PBXNativeTarget section */

/* Begin PBXProject section */
		81C9558D1F95394A008E3A53 /* Project object */ = {
			isa = PBXProject;
			attributes = {
				LastSwiftUpdateCheck = 0900;
				LastUpgradeCheck = 0900;
				ORGANIZATIONNAME = C4Q;
				TargetAttributes = {
					81C955941F95394A008E3A53 = {
						CreatedOnToolsVersion = 9.0;
						ProvisioningStyle = Automatic;
					};
					81C955A81F95394B008E3A53 = {
						CreatedOnToolsVersion = 9.0;
						ProvisioningStyle = Automatic;
						TestTargetID = 81C955941F95394A008E3A53;
					};
					81C955B31F95394B008E3A53 = {
						CreatedOnToolsVersion = 9.0;
						ProvisioningStyle = Automatic;
						TestTargetID = 81C955941F95394A008E3A53;
					};
				};
			};
			buildConfigurationList = 81C955901F95394A008E3A53 /* Build configuration list for PBXProject "ThreeCardMonteExercise" */;
			compatibilityVersion = "Xcode 8.0";
			developmentRegion = en;
			hasScannedForEncodings = 0;
			knownRegions = (
				en,
				Base,
			);
			mainGroup = 81C9558C1F95394A008E3A53;
			productRefGroup = 81C955961F95394A008E3A53 /* Products */;
			projectDirPath = "";
			projectRoot = "";
			targets = (
				81C955941F95394A008E3A53 /* ThreeCardMonteExercise */,
				81C955A81F95394B008E3A53 /* ThreeCardMonteExerciseTests */,
				81C955B31F95394B008E3A53 /* ThreeCardMonteExerciseUITests */,
			);
		};
/* End PBXProject section */

/* Begin PBXResourcesBuildPhase section */
		81C955931F95394A008E3A53 /* Resources */ = {
			isa = PBXResourcesBuildPhase;
			buildActionMask = 2147483647;
			files = (
				81C955A31F95394A008E3A53 /* LaunchScreen.storyboard in Resources */,
				81C955A01F95394A008E3A53 /* Assets.xcassets in Resources */,
				81C9559E1F95394A008E3A53 /* Main.storyboard in Resources */,
			);
			runOnlyForDeploymentPostprocessing = 0;
		};
		81C955A71F95394B008E3A53 /* Resources */ = {
			isa = PBXResourcesBuildPhase;
			buildActionMask = 2147483647;
			files = (
			);
			runOnlyForDeploymentPostprocessing = 0;
		};
		81C955B21F95394B008E3A53 /* Resources */ = {
			isa = PBXResourcesBuildPhase;
			buildActionMask = 2147483647;
			files = (
			);
			runOnlyForDeploymentPostprocessing = 0;
		};
/* End PBXResourcesBuildPhase section */

/* Begin PBXSourcesBuildPhase section */
		81C955911F95394A008E3A53 /* Sources */ = {
			isa = PBXSourcesBuildPhase;
			buildActionMask = 2147483647;
			files = (
				81C9559B1F95394A008E3A53 /* ViewController.swift in Sources */,
				81C955991F95394A008E3A53 /* AppDelegate.swift in Sources */,
			);
			runOnlyForDeploymentPostprocessing = 0;
		};
		81C955A51F95394B008E3A53 /* Sources */ = {
			isa = PBXSourcesBuildPhase;
			buildActionMask = 2147483647;
			files = (
				81C955AE1F95394B008E3A53 /* ThreeCardMonteExerciseTests.swift in Sources */,
			);
			runOnlyForDeploymentPostprocessing = 0;
		};
		81C955B01F95394B008E3A53 /* Sources */ = {
			isa = PBXSourcesBuildPhase;
			buildActionMask = 2147483647;
			files = (
				81C955B91F95394B008E3A53 /* ThreeCardMonteExerciseUITests.swift in Sources */,
			);
			runOnlyForDeploymentPostprocessing = 0;
		};
/* End PBXSourcesBuildPhase section */

/* Begin PBXTargetDependency section */
		81C955AB1F95394B008E3A53 /* PBXTargetDependency */ = {
			isa = PBXTargetDependency;
			target = 81C955941F95394A008E3A53 /* ThreeCardMonteExercise */;
			targetProxy = 81C955AA1F95394B008E3A53 /* PBXContainerItemProxy */;
		};
		81C955B61F95394B008E3A53 /* PBXTargetDependency */ = {
			isa = PBXTargetDependency;
			target = 81C955941F95394A008E3A53 /* ThreeCardMonteExercise */;
			targetProxy = 81C955B51F95394B008E3A53 /* PBXContainerItemProxy */;
		};
/* End PBXTargetDependency section */

/* Begin PBXVariantGroup section */
		81C9559C1F95394A008E3A53 /* Main.storyboard */ = {
			isa = PBXVariantGroup;
			children = (
				81C9559D1F95394A008E3A53 /* Base */,
			);
			name = Main.storyboard;
			sourceTree = "<group>";
		};
		81C955A11F95394A008E3A53 /* LaunchScreen.storyboard */ = {
			isa = PBXVariantGroup;
			children = (
				81C955A21F95394A008E3A53 /* Base */,
			);
			name = LaunchScreen.storyboard;
			sourceTree = "<group>";
		};
/* End PBXVariantGroup section */

/* Begin XCBuildConfiguration section */
		81C955BB1F95394B008E3A53 /* Debug */ = {
			isa = XCBuildConfiguration;
			buildSettings = {
				ALWAYS_SEARCH_USER_PATHS = NO;
				CLANG_ANALYZER_NONNULL = YES;
				CLANG_ANALYZER_NUMBER_OBJECT_CONVERSION = YES_AGGRESSIVE;
				CLANG_CXX_LANGUAGE_STANDARD = "gnu++14";
				CLANG_CXX_LIBRARY = "libc++";
				CLANG_ENABLE_MODULES = YES;
				CLANG_ENABLE_OBJC_ARC = YES;
				CLANG_WARN_BLOCK_CAPTURE_AUTORELEASING = YES;
				CLANG_WARN_BOOL_CONVERSION = YES;
				CLANG_WARN_COMMA = YES;
				CLANG_WARN_CONSTANT_CONVERSION = YES;
				CLANG_WARN_DIRECT_OBJC_ISA_USAGE = YES_ERROR;
				CLANG_WARN_DOCUMENTATION_COMMENTS = YES;
				CLANG_WARN_EMPTY_BODY = YES;
				CLANG_WARN_ENUM_CONVERSION = YES;
				CLANG_WARN_INFINITE_RECURSION = YES;
				CLANG_WARN_INT_CONVERSION = YES;
				CLANG_WARN_NON_LITERAL_NULL_CONVERSION = YES;
				CLANG_WARN_OBJC_LITERAL_CONVERSION = YES;
				CLANG_WARN_OBJC_ROOT_CLASS = YES_ERROR;
				CLANG_WARN_RANGE_LOOP_ANALYSIS = YES;
				CLANG_WARN_STRICT_PROTOTYPES = YES;
				CLANG_WARN_SUSPICIOUS_MOVE = YES;
				CLANG_WARN_UNGUARDED_AVAILABILITY = YES_AGGRESSIVE;
				CLANG_WARN_UNREACHABLE_CODE = YES;
				CLANG_WARN__DUPLICATE_METHOD_MATCH = YES;
				CODE_SIGN_IDENTITY = "iPhone Developer";
				COPY_PHASE_STRIP = NO;
				DEBUG_INFORMATION_FORMAT = dwarf;
				ENABLE_STRICT_OBJC_MSGSEND = YES;
				ENABLE_TESTABILITY = YES;
				GCC_C_LANGUAGE_STANDARD = gnu11;
				GCC_DYNAMIC_NO_PIC = NO;
				GCC_NO_COMMON_BLOCKS = YES;
				GCC_OPTIMIZATION_LEVEL = 0;
				GCC_PREPROCESSOR_DEFINITIONS = (
					"DEBUG=1",
					"$(inherited)",
				);
				GCC_WARN_64_TO_32_BIT_CONVERSION = YES;
				GCC_WARN_ABOUT_RETURN_TYPE = YES_ERROR;
				GCC_WARN_UNDECLARED_SELECTOR = YES;
				GCC_WARN_UNINITIALIZED_AUTOS = YES_AGGRESSIVE;
				GCC_WARN_UNUSED_FUNCTION = YES;
				GCC_WARN_UNUSED_VARIABLE = YES;
				IPHONEOS_DEPLOYMENT_TARGET = 11.0;
				MTL_ENABLE_DEBUG_INFO = YES;
				ONLY_ACTIVE_ARCH = YES;
				SDKROOT = iphoneos;
				SWIFT_ACTIVE_COMPILATION_CONDITIONS = DEBUG;
				SWIFT_OPTIMIZATION_LEVEL = "-Onone";
			};
			name = Debug;
		};
		81C955BC1F95394B008E3A53 /* Release */ = {
			isa = XCBuildConfiguration;
			buildSettings = {
				ALWAYS_SEARCH_USER_PATHS = NO;
				CLANG_ANALYZER_NONNULL = YES;
				CLANG_ANALYZER_NUMBER_OBJECT_CONVERSION = YES_AGGRESSIVE;
				CLANG_CXX_LANGUAGE_STANDARD = "gnu++14";
				CLANG_CXX_LIBRARY = "libc++";
				CLANG_ENABLE_MODULES = YES;
				CLANG_ENABLE_OBJC_ARC = YES;
				CLANG_WARN_BLOCK_CAPTURE_AUTORELEASING = YES;
				CLANG_WARN_BOOL_CONVERSION = YES;
				CLANG_WARN_COMMA = YES;
				CLANG_WARN_CONSTANT_CONVERSION = YES;
				CLANG_WARN_DIRECT_OBJC_ISA_USAGE = YES_ERROR;
				CLANG_WARN_DOCUMENTATION_COMMENTS = YES;
				CLANG_WARN_EMPTY_BODY = YES;
				CLANG_WARN_ENUM_CONVERSION = YES;
				CLANG_WARN_INFINITE_RECURSION = YES;
				CLANG_WARN_INT_CONVERSION = YES;
				CLANG_WARN_NON_LITERAL_NULL_CONVERSION = YES;
				CLANG_WARN_OBJC_LITERAL_CONVERSION = YES;
				CLANG_WARN_OBJC_ROOT_CLASS = YES_ERROR;
				CLANG_WARN_RANGE_LOOP_ANALYSIS = YES;
				CLANG_WARN_STRICT_PROTOTYPES = YES;
				CLANG_WARN_SUSPICIOUS_MOVE = YES;
				CLANG_WARN_UNGUARDED_AVAILABILITY = YES_AGGRESSIVE;
				CLANG_WARN_UNREACHABLE_CODE = YES;
				CLANG_WARN__DUPLICATE_METHOD_MATCH = YES;
				CODE_SIGN_IDENTITY = "iPhone Developer";
				COPY_PHASE_STRIP = NO;
				DEBUG_INFORMATION_FORMAT = "dwarf-with-dsym";
				ENABLE_NS_ASSERTIONS = NO;
				ENABLE_STRICT_OBJC_MSGSEND = YES;
				GCC_C_LANGUAGE_STANDARD = gnu11;
				GCC_NO_COMMON_BLOCKS = YES;
				GCC_WARN_64_TO_32_BIT_CONVERSION = YES;
				GCC_WARN_ABOUT_RETURN_TYPE = YES_ERROR;
				GCC_WARN_UNDECLARED_SELECTOR = YES;
				GCC_WARN_UNINITIALIZED_AUTOS = YES_AGGRESSIVE;
				GCC_WARN_UNUSED_FUNCTION = YES;
				GCC_WARN_UNUSED_VARIABLE = YES;
				IPHONEOS_DEPLOYMENT_TARGET = 11.0;
				MTL_ENABLE_DEBUG_INFO = NO;
				SDKROOT = iphoneos;
				SWIFT_OPTIMIZATION_LEVEL = "-Owholemodule";
				VALIDATE_PRODUCT = YES;
			};
			name = Release;
		};
		81C955BE1F95394B008E3A53 /* Debug */ = {
			isa = XCBuildConfiguration;
			buildSettings = {
				ASSETCATALOG_COMPILER_APPICON_NAME = AppIcon;
				CODE_SIGN_STYLE = Automatic;
				INFOPLIST_FILE = ThreeCardMonteExercise/Info.plist;
				LD_RUNPATH_SEARCH_PATHS = "$(inherited) @executable_path/Frameworks";
				PRODUCT_BUNDLE_IDENTIFIER = c4q.ThreeCardMonteExercise;
				PRODUCT_NAME = "$(TARGET_NAME)";
				SWIFT_VERSION = 4.0;
				TARGETED_DEVICE_FAMILY = "1,2";
			};
			name = Debug;
		};
		81C955BF1F95394B008E3A53 /* Release */ = {
			isa = XCBuildConfiguration;
			buildSettings = {
				ASSETCATALOG_COMPILER_APPICON_NAME = AppIcon;
				CODE_SIGN_STYLE = Automatic;
				INFOPLIST_FILE = ThreeCardMonteExercise/Info.plist;
				LD_RUNPATH_SEARCH_PATHS = "$(inherited) @executable_path/Frameworks";
				PRODUCT_BUNDLE_IDENTIFIER = c4q.ThreeCardMonteExercise;
				PRODUCT_NAME = "$(TARGET_NAME)";
				SWIFT_VERSION = 4.0;
				TARGETED_DEVICE_FAMILY = "1,2";
			};
			name = Release;
		};
		81C955C11F95394B008E3A53 /* Debug */ = {
			isa = XCBuildConfiguration;
			buildSettings = {
				ALWAYS_EMBED_SWIFT_STANDARD_LIBRARIES = YES;
				BUNDLE_LOADER = "$(TEST_HOST)";
				CODE_SIGN_STYLE = Automatic;
				INFOPLIST_FILE = ThreeCardMonteExerciseTests/Info.plist;
				LD_RUNPATH_SEARCH_PATHS = "$(inherited) @executable_path/Frameworks @loader_path/Frameworks";
				PRODUCT_BUNDLE_IDENTIFIER = c4q.ThreeCardMonteExerciseTests;
				PRODUCT_NAME = "$(TARGET_NAME)";
				SWIFT_VERSION = 4.0;
				TARGETED_DEVICE_FAMILY = "1,2";
				TEST_HOST = "$(BUILT_PRODUCTS_DIR)/ThreeCardMonteExercise.app/ThreeCardMonteExercise";
			};
			name = Debug;
		};
		81C955C21F95394B008E3A53 /* Release */ = {
			isa = XCBuildConfiguration;
			buildSettings = {
				ALWAYS_EMBED_SWIFT_STANDARD_LIBRARIES = YES;
				BUNDLE_LOADER = "$(TEST_HOST)";
				CODE_SIGN_STYLE = Automatic;
				INFOPLIST_FILE = ThreeCardMonteExerciseTests/Info.plist;
				LD_RUNPATH_SEARCH_PATHS = "$(inherited) @executable_path/Frameworks @loader_path/Frameworks";
				PRODUCT_BUNDLE_IDENTIFIER = c4q.ThreeCardMonteExerciseTests;
				PRODUCT_NAME = "$(TARGET_NAME)";
				SWIFT_VERSION = 4.0;
				TARGETED_DEVICE_FAMILY = "1,2";
				TEST_HOST = "$(BUILT_PRODUCTS_DIR)/ThreeCardMonteExercise.app/ThreeCardMonteExercise";
			};
			name = Release;
		};
		81C955C41F95394B008E3A53 /* Debug */ = {
			isa = XCBuildConfiguration;
			buildSettings = {
				ALWAYS_EMBED_SWIFT_STANDARD_LIBRARIES = YES;
				CODE_SIGN_STYLE = Automatic;
				INFOPLIST_FILE = ThreeCardMonteExerciseUITests/Info.plist;
				LD_RUNPATH_SEARCH_PATHS = "$(inherited) @executable_path/Frameworks @loader_path/Frameworks";
				PRODUCT_BUNDLE_IDENTIFIER = c4q.ThreeCardMonteExerciseUITests;
				PRODUCT_NAME = "$(TARGET_NAME)";
				SWIFT_VERSION = 4.0;
				TARGETED_DEVICE_FAMILY = "1,2";
				TEST_TARGET_NAME = ThreeCardMonteExercise;
			};
			name = Debug;
		};
		81C955C51F95394B008E3A53 /* Release */ = {
			isa = XCBuildConfiguration;
			buildSettings = {
				ALWAYS_EMBED_SWIFT_STANDARD_LIBRARIES = YES;
				CODE_SIGN_STYLE = Automatic;
				INFOPLIST_FILE = ThreeCardMonteExerciseUITests/Info.plist;
				LD_RUNPATH_SEARCH_PATHS = "$(inherited) @executable_path/Frameworks @loader_path/Frameworks";
				PRODUCT_BUNDLE_IDENTIFIER = c4q.ThreeCardMonteExerciseUITests;
				PRODUCT_NAME = "$(TARGET_NAME)";
				SWIFT_VERSION = 4.0;
				TARGETED_DEVICE_FAMILY = "1,2";
				TEST_TARGET_NAME = ThreeCardMonteExercise;
			};
			name = Release;
		};
/* End XCBuildConfiguration section */

/* Begin XCConfigurationList section */
		81C955901F95394A008E3A53 /* Build configuration list for PBXProject "ThreeCardMonteExercise" */ = {
			isa = XCConfigurationList;
			buildConfigurations = (
				81C955BB1F95394B008E3A53 /* Debug */,
				81C955BC1F95394B008E3A53 /* Release */,
			);
			defaultConfigurationIsVisible = 0;
			defaultConfigurationName = Release;
		};
		81C955BD1F95394B008E3A53 /* Build configuration list for PBXNativeTarget "ThreeCardMonteExercise" */ = {
			isa = XCConfigurationList;
			buildConfigurations = (
				81C955BE1F95394B008E3A53 /* Debug */,
				81C955BF1F95394B008E3A53 /* Release */,
			);
			defaultConfigurationIsVisible = 0;
			defaultConfigurationName = Release;
		};
		81C955C01F95394B008E3A53 /* Build configuration list for PBXNativeTarget "ThreeCardMonteExerciseTests" */ = {
			isa = XCConfigurationList;
			buildConfigurations = (
				81C955C11F95394B008E3A53 /* Debug */,
				81C955C21F95394B008E3A53 /* Release */,
			);
			defaultConfigurationIsVisible = 0;
			defaultConfigurationName = Release;
		};
		81C955C31F95394B008E3A53 /* Build configuration list for PBXNativeTarget "ThreeCardMonteExerciseUITests" */ = {
			isa = XCConfigurationList;
			buildConfigurations = (
				81C955C41F95394B008E3A53 /* Debug */,
				81C955C51F95394B008E3A53 /* Release */,
			);
			defaultConfigurationIsVisible = 0;
			defaultConfigurationName = Release;
		};
/* End XCConfigurationList section */
	};
	rootObject = 81C9558D1F95394A008E3A53 /* Project object */;
}
